{
  "name": "lab-reservation-system",
  "version": "1.0.0",
  "lockfileVersion": 3,
  "requires": true,
  "packages": {
    "": {
      "name": "lab-reservation-system",
      "version": "1.0.0",
      "dependencies": {
        "threejs-miniprogram": "0.0.7"
      }
    },
    "node_modules/abab": {
      "version": "2.0.6",
      "resolved": "https://registry.npmjs.org/abab/-/abab-2.0.6.tgz",
      "integrity": "sha512-j2afSsaIENvHZN2B8GOpF566vZ5WVk5opAiMTvWgaQT8DkbOqsTfvNAvHoRGU2zzP8cPoqys+xHTRDWW8L+/BA==",
      "deprecated": "Use your platform's native atob() and btoa() methods instead",
      "license": "BSD-3-Clause"
    },
    "node_modules/threejs-miniprogram": {
      "version": "0.0.7",
      "resolved": "https://registry.npmjs.org/threejs-miniprogram/-/threejs-miniprogram-0.0.7.tgz",
      "integrity": "sha512-yd8UWgoUX/1k8pfXJhyQTITknkU5KWcHvgZ80Yaj6SSGH/3fXMMzqJFThjxhEce0Cf+8irbLhLreyOQJEJOHFw==",
      "license": "MIT",
      "dependencies": {
        "abab": "^2.0.3"
      }
    }
  }
}
